
Microsoft Visual Studio Solution File, Format Version 12.00
# Visual Studio Version 17
VisualStudioVersion = 17.14.36221.1 d17.14
MinimumVisualStudioVersion = 10.0.40219.1
Project("{FAE04EC0-301F-11D3-BF4B-00C04F79EFBC}") = "practice-CSharp", "practice-CSharp.csproj", "{CEFA8FD0-4378-41C7-BD0A-660D3921E201}"
EndProject
Global
	GlobalSection(SolutionConfigurationPlatforms) = preSolution
		Debug|Any CPU = Debug|Any CPU
		Release|Any CPU = Release|Any CPU
	EndGlobalSection
	GlobalSection(ProjectConfigurationPlatforms) = postSolution
		{CEFA8FD0-4378-41C7-BD0A-660D3921E201}.Debug|Any CPU.ActiveCfg = Debug|Any CPU
		{CEFA8FD0-4378-41C7-BD0A-660D3921E201}.Debug|Any CPU.Build.0 = Debug|Any CPU
		{CEFA8FD0-4378-41C7-BD0A-660D3921E201}.Release|Any CPU.ActiveCfg = Release|Any CPU
		{CEFA8FD0-4378-41C7-BD0A-660D3921E201}.Release|Any CPU.Build.0 = Release|Any CPU
	EndGlobalSection
	GlobalSection(SolutionProperties) = preSolution
		HideSolutionNode = FALSE
	EndGlobalSection
	GlobalSection(ExtensibilityGlobals) = postSolution
		SolutionGuid = {3A9342B9-9BB9-481F-8455-AFA7F3838C98}
	EndGlobalSection
EndGlobal
